
Microsoft Visual Studio Solution File, Format Version 12.00
Project("{FAE04EC0-301F-11D3-BF4B-00C04F79EFBC}") = "BlazorTemplate", "BlazorTemplate\BlazorTemplate.csproj", "{5DD055EA-9BD3-445B-8958-1242AEE5BD72}"
EndProject
Global
	GlobalSection(SolutionConfigurationPlatforms) = preSolution
		Debug|Any CPU = Debug|Any CPU
		Release|Any CPU = Release|Any CPU
	EndGlobalSection
	GlobalSection(ProjectConfigurationPlatforms) = postSolution
		{5DD055EA-9BD3-445B-8958-1242AEE5BD72}.Debug|Any CPU.ActiveCfg = Debug|Any CPU
		{5DD055EA-9BD3-445B-8958-1242AEE5BD72}.Debug|Any CPU.Build.0 = Debug|Any CPU
		{5DD055EA-9BD3-445B-8958-1242AEE5BD72}.Release|Any CPU.ActiveCfg = Release|Any CPU
		{5DD055EA-9BD3-445B-8958-1242AEE5BD72}.Release|Any CPU.Build.0 = Release|Any CPU
	EndGlobalSection
EndGlobal
