
Microsoft Visual Studio Solution File, Format Version 12.00
Project("{FAE04EC0-301F-11D3-BF4B-00C04F79EFBC}") = "BlazorTeste", "BlazorTeste\BlazorTeste.csproj", "{86F3F461-5C76-4243-8B1D-3C813F9E5B41}"
EndProject
Global
	GlobalSection(SolutionConfigurationPlatforms) = preSolution
		Debug|Any CPU = Debug|Any CPU
		Release|Any CPU = Release|Any CPU
	EndGlobalSection
	GlobalSection(ProjectConfigurationPlatforms) = postSolution
		{86F3F461-5C76-4243-8B1D-3C813F9E5B41}.Debug|Any CPU.ActiveCfg = Debug|Any CPU
		{86F3F461-5C76-4243-8B1D-3C813F9E5B41}.Debug|Any CPU.Build.0 = Debug|Any CPU
		{86F3F461-5C76-4243-8B1D-3C813F9E5B41}.Release|Any CPU.ActiveCfg = Release|Any CPU
		{86F3F461-5C76-4243-8B1D-3C813F9E5B41}.Release|Any CPU.Build.0 = Release|Any CPU
	EndGlobalSection
EndGlobal
