
Microsoft Visual Studio Solution File, Format Version 12.00
Project("{FAE04EC0-301F-11D3-BF4B-00C04F79EFBC}") = "FrontDeveloper", "FrontDeveloper\FrontDeveloper.csproj", "{2B7A9C25-EBA3-47C6-80E1-771EE6129346}"
EndProject
Global
	GlobalSection(SolutionConfigurationPlatforms) = preSolution
		Debug|Any CPU = Debug|Any CPU
		Release|Any CPU = Release|Any CPU
	EndGlobalSection
	GlobalSection(ProjectConfigurationPlatforms) = postSolution
		{2B7A9C25-EBA3-47C6-80E1-771EE6129346}.Debug|Any CPU.ActiveCfg = Debug|Any CPU
		{2B7A9C25-EBA3-47C6-80E1-771EE6129346}.Debug|Any CPU.Build.0 = Debug|Any CPU
		{2B7A9C25-EBA3-47C6-80E1-771EE6129346}.Release|Any CPU.ActiveCfg = Release|Any CPU
		{2B7A9C25-EBA3-47C6-80E1-771EE6129346}.Release|Any CPU.Build.0 = Release|Any CPU
	EndGlobalSection
EndGlobal
