
Microsoft Visual Studio Solution File, Format Version 12.00
Project("{FAE04EC0-301F-11D3-BF4B-00C04F79EFBC}") = "BlazorCrud", "BlazorCrud\BlazorCrud.csproj", "{1D032A42-1545-417D-9C33-1EF408AB9F30}"
EndProject
Global
	GlobalSection(SolutionConfigurationPlatforms) = preSolution
		Debug|Any CPU = Debug|Any CPU
		Release|Any CPU = Release|Any CPU
	EndGlobalSection
	GlobalSection(ProjectConfigurationPlatforms) = postSolution
		{1D032A42-1545-417D-9C33-1EF408AB9F30}.Debug|Any CPU.ActiveCfg = Debug|Any CPU
		{1D032A42-1545-417D-9C33-1EF408AB9F30}.Debug|Any CPU.Build.0 = Debug|Any CPU
		{1D032A42-1545-417D-9C33-1EF408AB9F30}.Release|Any CPU.ActiveCfg = Release|Any CPU
		{1D032A42-1545-417D-9C33-1EF408AB9F30}.Release|Any CPU.Build.0 = Release|Any CPU
	EndGlobalSection
EndGlobal
